<?xml version="1.0" encoding="UTF-8" standalone="yes" ?>
<CodeBlocks_project_file>
	<FileVersion major="1" minor="6" />
	<Project>
		<Option title="ArbitraryMemMap" />
		<Option pch_mode="2" />
		<Option compiler="clang" />
		<Build>
			<Target title="Debug">
				<Option output="bin/Debug/ArbitraryMemMap" prefix_auto="1" extension_auto="1" />
				<Option working_dir="" />
				<Option object_output="obj/Debug/" />
				<Option type="2" />
				<Option compiler="clang" />
				<Option createDefFile="1" />
				<Compiler>
					<Add option="-Wall" />
					<Add option="-g" />
				</Compiler>
			</Target>
			<Target title="Release">
				<Option output="bin/Release/ArbitraryMemMap" prefix_auto="1" extension_auto="1" />
				<Option working_dir="" />
				<Option object_output="obj/Release/" />
				<Option type="2" />
				<Option compiler="clang" />
				<Option createDefFile="1" />
				<Compiler>
					<Add option="-O2" />
				</Compiler>
				<Linker>
					<Add option="-s" />
				</Linker>
			</Target>
			<Target title="LuaMap">
				<Option output="bin/LuaMap/LuaMap" prefix_auto="1" extension_auto="1" />
				<Option object_output="obj/LuaMap/" />
				<Option type="1" />
				<Option compiler="clang" />
				<Option use_console_runner="0" />
			</Target>
			<Target title="Lib">
				<Option output="bin/AMMlib/AMMlib" imp_lib="$(TARGET_OUTPUT_DIR)$(TARGET_OUTPUT_BASENAME).a" def_file="$(TARGET_OUTPUT_DIR)$(TARGET_OUTPUT_BASENAME).def" prefix_auto="1" extension_auto="1" />
				<Option object_output="obj/AMMlib/" />
				<Option type="3" />
				<Option compiler="clang" />
				<Compiler>
					<Add option="-m64" />
					<Add option="-O2" />
					<Add option="-DBUILD_DLL" />
					<Add directory="LuaJITlove/src" />
				</Compiler>
				<Linker>
					<Add option="-m64" />
					<Add library="LuaJITlove/src/lua51.lib" />
				</Linker>
			</Target>
			<Target title="UnitTest">
				<Option output="Test" prefix_auto="1" extension_auto="1" />
				<Option type="0" />
				<Option compiler="clang" />
				<Compiler>
					<Add option="-m64" />
				</Compiler>
				<Linker>
					<Add option="-m64" />
				</Linker>
			</Target>
			<Target title="Lib32">
				<Option output="bin/AMMlib32/AMMlib" imp_lib="$(TARGET_OUTPUT_DIR)$(TARGET_OUTPUT_BASENAME).a" def_file="$(TARGET_OUTPUT_DIR)$(TARGET_OUTPUT_BASENAME).def" prefix_auto="1" extension_auto="1" />
				<Option object_output="obj/AMMlib32/" />
				<Option type="3" />
				<Option compiler="clang" />
				<Compiler>
					<Add option="-fms-extensions" />
					<Add option="-ftls-model=global-dynamic" />
					<Add option="-m32" />
					<Add option="-O2" />
					<Add option="-DBUILD_DLL" />
					<Add directory="LuaJIT/src" />
				</Compiler>
				<Linker>
					<Add option="-m32" />
					<Add library="LuaJIT/src/lua51.lib" />
				</Linker>
			</Target>
			<Target title="LuaMap32">
				<Option output="bin/LuaMap32/LuaMap" prefix_auto="1" extension_auto="1" />
				<Option object_output="obj/LuaMap32/" />
				<Option type="1" />
				<Option compiler="clang" />
				<Option use_console_runner="0" />
				<Compiler>
					<Add option="-m32" />
					<Add option="-O2" />
				</Compiler>
				<Linker>
					<Add option="-m32" />
					<Add library="LuaJIT/src/lua51.lib" />
				</Linker>
			</Target>
			<Target title="Lua51Lib">
				<Option output="bin/Lua51Lib/lua51" imp_lib="$(TARGET_OUTPUT_DIR)$(TARGET_OUTPUT_BASENAME).a" def_file="$(TARGET_OUTPUT_DIR)$(TARGET_OUTPUT_BASENAME).def" prefix_auto="0" extension_auto="1" />
				<Option object_output="obj/Lua51Lib/" />
				<Option type="3" />
				<Option compiler="clang" />
				<Compiler>
					<Add option="-m64" />
					<Add option="-O2" />
					<Add option="-DBUILD_DLL" />
					<Add option="-DLUA_BUILD_AS_DLL" />
				</Compiler>
				<Linker>
					<Add option="-m64" />
				</Linker>
			</Target>
			<Target title="Lua51Lib32">
				<Option output="bin/Lua51Lib32/lua51" imp_lib="$(TARGET_OUTPUT_DIR)$(TARGET_OUTPUT_BASENAME).a" def_file="$(TARGET_OUTPUT_DIR)$(TARGET_OUTPUT_BASENAME).def" prefix_auto="0" extension_auto="1" />
				<Option object_output="obj/Lua51Lib32/" />
				<Option type="3" />
				<Option compiler="clang" />
				<Compiler>
					<Add option="-m32" />
					<Add option="-O2" />
					<Add option="-DBUILD_DLL" />
					<Add option="-DLUA_BUILD_AS_DLL" />
				</Compiler>
				<Linker>
					<Add option="-m32" />
				</Linker>
			</Target>
		</Build>
		<Compiler>
			<Add option="-Wnon-virtual-dtor" />
			<Add option="-Wall" />
			<Add directory="LuaJITlove/src" />
		</Compiler>
		<Linker>
			<Add library="psapi" />
			<Add library="kernel32" />
			<Add library="user32" />
			<Add library="Advapi32" />
			<Add library="opengl32" />
			<Add library="glu32" />
			<Add library="gdi32" />
			<Add directory="LuaJITlove/src" />
		</Linker>
		<Unit filename="AMM/InterprocessMemorySpace.cpp">
			<Option target="Debug" />
			<Option target="Release" />
			<Option target="LuaMap" />
			<Option target="Lib" />
			<Option target="UnitTest" />
			<Option target="Lib32" />
			<Option target="LuaMap32" />
		</Unit>
		<Unit filename="AMM/InterprocessMemorySpace.h">
			<Option target="Debug" />
			<Option target="Release" />
			<Option target="LuaMap" />
			<Option target="Lib" />
			<Option target="UnitTest" />
			<Option target="Lib32" />
			<Option target="LuaMap32" />
		</Unit>
		<Unit filename="AMM/LoggedPage.cpp">
			<Option target="Debug" />
			<Option target="Release" />
			<Option target="LuaMap" />
			<Option target="Lib" />
			<Option target="UnitTest" />
			<Option target="Lib32" />
			<Option target="LuaMap32" />
		</Unit>
		<Unit filename="AMM/LoggedPage.h">
			<Option target="Debug" />
			<Option target="Release" />
			<Option target="LuaMap" />
			<Option target="Lib" />
			<Option target="UnitTest" />
			<Option target="Lib32" />
			<Option target="LuaMap32" />
		</Unit>
		<Unit filename="AMM/LuaPage.cpp">
			<Option target="Debug" />
			<Option target="Release" />
			<Option target="LuaMap" />
			<Option target="Lib" />
			<Option target="UnitTest" />
			<Option target="Lib32" />
			<Option target="LuaMap32" />
		</Unit>
		<Unit filename="AMM/LuaPage.h">
			<Option target="Debug" />
			<Option target="Release" />
			<Option target="LuaMap" />
			<Option target="Lib" />
			<Option target="UnitTest" />
			<Option target="Lib32" />
			<Option target="LuaMap32" />
		</Unit>
		<Unit filename="AMM/WindowsPageAccessor.cpp">
			<Option target="Debug" />
			<Option target="Release" />
			<Option target="LuaMap" />
			<Option target="Lib" />
			<Option target="UnitTest" />
			<Option target="Lib32" />
			<Option target="LuaMap32" />
		</Unit>
		<Unit filename="AMM/WindowsPageAccessor.h">
			<Option target="Debug" />
			<Option target="Release" />
			<Option target="LuaMap" />
			<Option target="Lib" />
			<Option target="UnitTest" />
			<Option target="Lib32" />
			<Option target="LuaMap32" />
		</Unit>
		<Unit filename="AMM/addressSpace.cpp" />
		<Unit filename="AMM/addressSpace.h">
			<Option target="Debug" />
			<Option target="Release" />
			<Option target="LuaMap" />
			<Option target="Lib" />
			<Option target="UnitTest" />
			<Option target="Lib32" />
			<Option target="LuaMap32" />
		</Unit>
		<Unit filename="AMM/callbackOnWritePage.cpp" />
		<Unit filename="AMM/callbackOnWritePage.h">
			<Option target="&lt;{~None~}&gt;" />
		</Unit>
		<Unit filename="AMM/filePage.cpp">
			<Option target="Debug" />
			<Option target="Release" />
			<Option target="LuaMap" />
			<Option target="Lib" />
			<Option target="UnitTest" />
			<Option target="Lib32" />
			<Option target="LuaMap32" />
		</Unit>
		<Unit filename="AMM/filePage.h">
			<Option target="Debug" />
			<Option target="Release" />
			<Option target="LuaMap" />
			<Option target="Lib" />
			<Option target="UnitTest" />
			<Option target="Lib32" />
			<Option target="LuaMap32" />
		</Unit>
		<Unit filename="AMM/math/hsv2rgb.cpp" />
		<Unit filename="AMM/math/hsv2rgb.h">
			<Option target="&lt;{~None~}&gt;" />
		</Unit>
		<Unit filename="AMM/multiPage.cpp">
			<Option target="Debug" />
			<Option target="Release" />
			<Option target="LuaMap" />
			<Option target="Lib" />
			<Option target="UnitTest" />
			<Option target="Lib32" />
			<Option target="LuaMap32" />
		</Unit>
		<Unit filename="AMM/multiPage.h">
			<Option target="Debug" />
			<Option target="Release" />
			<Option target="LuaMap" />
			<Option target="Lib" />
			<Option target="UnitTest" />
			<Option target="Lib32" />
			<Option target="LuaMap32" />
		</Unit>
		<Unit filename="AMM/pageVisualizer.cpp" />
		<Unit filename="AMM/pageVisualizer.h" />
		<Unit filename="AMM/selfRefrence.cpp">
			<Option target="Debug" />
			<Option target="Release" />
			<Option target="LuaMap" />
			<Option target="Lib" />
			<Option target="UnitTest" />
			<Option target="Lib32" />
			<Option target="LuaMap32" />
		</Unit>
		<Unit filename="AMM/selfRefrence.h">
			<Option target="Debug" />
			<Option target="Release" />
			<Option target="LuaMap" />
			<Option target="Lib" />
			<Option target="UnitTest" />
			<Option target="Lib32" />
			<Option target="LuaMap32" />
		</Unit>
		<Unit filename="AMM/virtualMemorySpace.cpp">
			<Option target="Debug" />
			<Option target="Release" />
			<Option target="LuaMap" />
			<Option target="Lib" />
			<Option target="UnitTest" />
			<Option target="Lib32" />
			<Option target="LuaMap32" />
		</Unit>
		<Unit filename="AMM/virtualMemorySpace.h">
			<Option target="Debug" />
			<Option target="Release" />
			<Option target="LuaMap" />
			<Option target="Lib" />
			<Option target="UnitTest" />
			<Option target="Lib32" />
			<Option target="LuaMap32" />
		</Unit>
		<Unit filename="AMM/virtualPage.cpp">
			<Option target="Debug" />
			<Option target="Release" />
			<Option target="LuaMap" />
			<Option target="Lib" />
			<Option target="UnitTest" />
			<Option target="Lib32" />
			<Option target="LuaMap32" />
		</Unit>
		<Unit filename="AMM/virtualPage.h">
			<Option target="Debug" />
			<Option target="Release" />
			<Option target="LuaMap" />
			<Option target="Lib" />
			<Option target="UnitTest" />
			<Option target="Lib32" />
			<Option target="LuaMap32" />
		</Unit>
		<Unit filename="AMMlib.cpp">
			<Option target="Lib" />
			<Option target="Lib32" />
		</Unit>
		<Unit filename="AMMlib.h">
			<Option target="Lib" />
			<Option target="UnitTest" />
			<Option target="Lib32" />
		</Unit>
		<Unit filename="ArbitraryMemMap.cpp">
			<Option target="Debug" />
			<Option target="Release" />
			<Option target="LuaMap" />
			<Option target="Lib" />
			<Option target="UnitTest" />
			<Option target="Lib32" />
			<Option target="LuaMap32" />
		</Unit>
		<Unit filename="ArbitraryMemMap.h">
			<Option target="Debug" />
			<Option target="Release" />
			<Option target="LuaMap" />
			<Option target="Lib" />
			<Option target="UnitTest" />
			<Option target="Lib32" />
			<Option target="LuaMap32" />
		</Unit>
		<Unit filename="Defines.h">
			<Option target="Debug" />
			<Option target="Release" />
			<Option target="LuaMap" />
			<Option target="Lib" />
			<Option target="UnitTest" />
			<Option target="Lib32" />
			<Option target="LuaMap32" />
		</Unit>
		<Unit filename="LuaMemoryMapper.cpp">
			<Option target="LuaMap" />
			<Option target="LuaMap32" />
		</Unit>
		<Unit filename="LuaMemoryMapperLib.cpp">
			<Option target="Debug" />
			<Option target="Release" />
			<Option target="LuaMap" />
			<Option target="Lib" />
			<Option target="UnitTest" />
			<Option target="Lib32" />
			<Option target="LuaMap32" />
		</Unit>
		<Unit filename="LuaMemoryMapperLib.h">
			<Option target="Debug" />
			<Option target="Release" />
			<Option target="LuaMap" />
			<Option target="Lib" />
			<Option target="UnitTest" />
			<Option target="Lib32" />
			<Option target="LuaMap32" />
		</Unit>
		<Unit filename="config.h">
			<Option target="Debug" />
			<Option target="Release" />
			<Option target="LuaMap" />
			<Option target="Lib" />
			<Option target="UnitTest" />
			<Option target="Lib32" />
			<Option target="LuaMap32" />
		</Unit>
		<Unit filename="lua-5.4.3/src/lapi.c">
			<Option compilerVar="CC" />
			<Option target="Debug" />
			<Option target="Release" />
			<Option target="LuaMap" />
			<Option target="UnitTest" />
			<Option target="Lua51Lib" />
			<Option target="Lua51Lib32" />
		</Unit>
		<Unit filename="lua-5.4.3/src/lapi.h">
			<Option target="Debug" />
			<Option target="Release" />
			<Option target="LuaMap" />
			<Option target="UnitTest" />
			<Option target="LuaMap32" />
			<Option target="Lua51Lib" />
			<Option target="Lua51Lib32" />
		</Unit>
		<Unit filename="lua-5.4.3/src/lauxlib.c">
			<Option compilerVar="CC" />
			<Option target="Debug" />
			<Option target="Release" />
			<Option target="LuaMap" />
			<Option target="UnitTest" />
			<Option target="Lua51Lib" />
			<Option target="Lua51Lib32" />
		</Unit>
		<Unit filename="lua-5.4.3/src/lauxlib.h">
			<Option target="Debug" />
			<Option target="Release" />
			<Option target="LuaMap" />
			<Option target="UnitTest" />
			<Option target="LuaMap32" />
			<Option target="Lua51Lib" />
			<Option target="Lua51Lib32" />
		</Unit>
		<Unit filename="lua-5.4.3/src/lbaselib.c">
			<Option compilerVar="CC" />
			<Option target="Debug" />
			<Option target="Release" />
			<Option target="LuaMap" />
			<Option target="UnitTest" />
			<Option target="Lua51Lib" />
			<Option target="Lua51Lib32" />
		</Unit>
		<Unit filename="lua-5.4.3/src/lcode.c">
			<Option compilerVar="CC" />
			<Option target="Debug" />
			<Option target="Release" />
			<Option target="LuaMap" />
			<Option target="UnitTest" />
			<Option target="Lua51Lib" />
			<Option target="Lua51Lib32" />
		</Unit>
		<Unit filename="lua-5.4.3/src/lcode.h">
			<Option target="Debug" />
			<Option target="Release" />
			<Option target="LuaMap" />
			<Option target="UnitTest" />
			<Option target="LuaMap32" />
			<Option target="Lua51Lib" />
			<Option target="Lua51Lib32" />
		</Unit>
		<Unit filename="lua-5.4.3/src/lcorolib.c">
			<Option compilerVar="CC" />
			<Option target="Debug" />
			<Option target="Release" />
			<Option target="LuaMap" />
			<Option target="UnitTest" />
			<Option target="Lua51Lib" />
			<Option target="Lua51Lib32" />
		</Unit>
		<Unit filename="lua-5.4.3/src/lctype.c">
			<Option compilerVar="CC" />
			<Option target="Debug" />
			<Option target="Release" />
			<Option target="LuaMap" />
			<Option target="UnitTest" />
			<Option target="Lua51Lib" />
			<Option target="Lua51Lib32" />
		</Unit>
		<Unit filename="lua-5.4.3/src/lctype.h">
			<Option target="Debug" />
			<Option target="Release" />
			<Option target="LuaMap" />
			<Option target="UnitTest" />
			<Option target="LuaMap32" />
			<Option target="Lua51Lib" />
			<Option target="Lua51Lib32" />
		</Unit>
		<Unit filename="lua-5.4.3/src/ldblib.c">
			<Option compilerVar="CC" />
			<Option target="Debug" />
			<Option target="Release" />
			<Option target="LuaMap" />
			<Option target="UnitTest" />
			<Option target="Lua51Lib" />
			<Option target="Lua51Lib32" />
		</Unit>
		<Unit filename="lua-5.4.3/src/ldebug.c">
			<Option compilerVar="CC" />
			<Option target="Debug" />
			<Option target="Release" />
			<Option target="LuaMap" />
			<Option target="UnitTest" />
			<Option target="Lua51Lib" />
			<Option target="Lua51Lib32" />
		</Unit>
		<Unit filename="lua-5.4.3/src/ldebug.h">
			<Option target="Debug" />
			<Option target="Release" />
			<Option target="LuaMap" />
			<Option target="UnitTest" />
			<Option target="LuaMap32" />
			<Option target="Lua51Lib" />
			<Option target="Lua51Lib32" />
		</Unit>
		<Unit filename="lua-5.4.3/src/ldo.c">
			<Option compilerVar="CC" />
			<Option target="Debug" />
			<Option target="Release" />
			<Option target="LuaMap" />
			<Option target="UnitTest" />
			<Option target="Lua51Lib" />
			<Option target="Lua51Lib32" />
		</Unit>
		<Unit filename="lua-5.4.3/src/ldo.h">
			<Option target="Debug" />
			<Option target="Release" />
			<Option target="LuaMap" />
			<Option target="UnitTest" />
			<Option target="LuaMap32" />
			<Option target="Lua51Lib" />
			<Option target="Lua51Lib32" />
		</Unit>
		<Unit filename="lua-5.4.3/src/ldump.c">
			<Option compilerVar="CC" />
			<Option target="Debug" />
			<Option target="Release" />
			<Option target="LuaMap" />
			<Option target="UnitTest" />
			<Option target="Lua51Lib" />
			<Option target="Lua51Lib32" />
		</Unit>
		<Unit filename="lua-5.4.3/src/lfunc.c">
			<Option compilerVar="CC" />
			<Option target="Debug" />
			<Option target="Release" />
			<Option target="LuaMap" />
			<Option target="UnitTest" />
			<Option target="Lua51Lib" />
			<Option target="Lua51Lib32" />
		</Unit>
		<Unit filename="lua-5.4.3/src/lfunc.h">
			<Option target="Debug" />
			<Option target="Release" />
			<Option target="LuaMap" />
			<Option target="UnitTest" />
			<Option target="LuaMap32" />
			<Option target="Lua51Lib" />
			<Option target="Lua51Lib32" />
		</Unit>
		<Unit filename="lua-5.4.3/src/lgc.c">
			<Option compilerVar="CC" />
			<Option target="Debug" />
			<Option target="Release" />
			<Option target="LuaMap" />
			<Option target="UnitTest" />
			<Option target="Lua51Lib" />
			<Option target="Lua51Lib32" />
		</Unit>
		<Unit filename="lua-5.4.3/src/lgc.h">
			<Option target="Debug" />
			<Option target="Release" />
			<Option target="LuaMap" />
			<Option target="UnitTest" />
			<Option target="LuaMap32" />
			<Option target="Lua51Lib" />
			<Option target="Lua51Lib32" />
		</Unit>
		<Unit filename="lua-5.4.3/src/linit.c">
			<Option compilerVar="CC" />
			<Option target="Debug" />
			<Option target="Release" />
			<Option target="LuaMap" />
			<Option target="UnitTest" />
			<Option target="Lua51Lib" />
			<Option target="Lua51Lib32" />
		</Unit>
		<Unit filename="lua-5.4.3/src/liolib.c">
			<Option compilerVar="CC" />
			<Option target="Debug" />
			<Option target="Release" />
			<Option target="LuaMap" />
			<Option target="UnitTest" />
			<Option target="Lua51Lib" />
			<Option target="Lua51Lib32" />
		</Unit>
		<Unit filename="lua-5.4.3/src/ljumptab.h">
			<Option target="Debug" />
			<Option target="Release" />
			<Option target="LuaMap" />
			<Option target="UnitTest" />
			<Option target="LuaMap32" />
			<Option target="Lua51Lib" />
			<Option target="Lua51Lib32" />
		</Unit>
		<Unit filename="lua-5.4.3/src/llex.c">
			<Option compilerVar="CC" />
			<Option target="Debug" />
			<Option target="Release" />
			<Option target="LuaMap" />
			<Option target="UnitTest" />
			<Option target="Lua51Lib" />
			<Option target="Lua51Lib32" />
		</Unit>
		<Unit filename="lua-5.4.3/src/llex.h">
			<Option target="Debug" />
			<Option target="Release" />
			<Option target="LuaMap" />
			<Option target="UnitTest" />
			<Option target="LuaMap32" />
			<Option target="Lua51Lib" />
			<Option target="Lua51Lib32" />
		</Unit>
		<Unit filename="lua-5.4.3/src/llimits.h">
			<Option target="Debug" />
			<Option target="Release" />
			<Option target="LuaMap" />
			<Option target="UnitTest" />
			<Option target="LuaMap32" />
			<Option target="Lua51Lib" />
			<Option target="Lua51Lib32" />
		</Unit>
		<Unit filename="lua-5.4.3/src/lmathlib.c">
			<Option compilerVar="CC" />
			<Option target="Debug" />
			<Option target="Release" />
			<Option target="LuaMap" />
			<Option target="UnitTest" />
			<Option target="Lua51Lib" />
			<Option target="Lua51Lib32" />
		</Unit>
		<Unit filename="lua-5.4.3/src/lmem.c">
			<Option compilerVar="CC" />
			<Option target="Debug" />
			<Option target="Release" />
			<Option target="LuaMap" />
			<Option target="UnitTest" />
			<Option target="Lua51Lib" />
			<Option target="Lua51Lib32" />
		</Unit>
		<Unit filename="lua-5.4.3/src/lmem.h">
			<Option target="Debug" />
			<Option target="Release" />
			<Option target="LuaMap" />
			<Option target="UnitTest" />
			<Option target="LuaMap32" />
			<Option target="Lua51Lib" />
			<Option target="Lua51Lib32" />
		</Unit>
		<Unit filename="lua-5.4.3/src/loadlib.c">
			<Option compilerVar="CC" />
			<Option target="Debug" />
			<Option target="Release" />
			<Option target="LuaMap" />
			<Option target="UnitTest" />
			<Option target="Lua51Lib" />
			<Option target="Lua51Lib32" />
		</Unit>
		<Unit filename="lua-5.4.3/src/lobject.c">
			<Option compilerVar="CC" />
			<Option target="Debug" />
			<Option target="Release" />
			<Option target="LuaMap" />
			<Option target="UnitTest" />
			<Option target="Lua51Lib" />
			<Option target="Lua51Lib32" />
		</Unit>
		<Unit filename="lua-5.4.3/src/lobject.h">
			<Option target="Debug" />
			<Option target="Release" />
			<Option target="LuaMap" />
			<Option target="UnitTest" />
			<Option target="LuaMap32" />
			<Option target="Lua51Lib" />
			<Option target="Lua51Lib32" />
		</Unit>
		<Unit filename="lua-5.4.3/src/lopcodes.c">
			<Option compilerVar="CC" />
			<Option target="Debug" />
			<Option target="Release" />
			<Option target="LuaMap" />
			<Option target="UnitTest" />
			<Option target="Lua51Lib" />
			<Option target="Lua51Lib32" />
		</Unit>
		<Unit filename="lua-5.4.3/src/lopcodes.h">
			<Option target="Debug" />
			<Option target="Release" />
			<Option target="LuaMap" />
			<Option target="UnitTest" />
			<Option target="LuaMap32" />
			<Option target="Lua51Lib" />
			<Option target="Lua51Lib32" />
		</Unit>
		<Unit filename="lua-5.4.3/src/lopnames.h">
			<Option target="Debug" />
			<Option target="Release" />
			<Option target="LuaMap" />
			<Option target="UnitTest" />
			<Option target="LuaMap32" />
			<Option target="Lua51Lib" />
			<Option target="Lua51Lib32" />
		</Unit>
		<Unit filename="lua-5.4.3/src/loslib.c">
			<Option compilerVar="CC" />
			<Option target="Debug" />
			<Option target="Release" />
			<Option target="LuaMap" />
			<Option target="UnitTest" />
			<Option target="Lua51Lib" />
			<Option target="Lua51Lib32" />
		</Unit>
		<Unit filename="lua-5.4.3/src/lparser.c">
			<Option compilerVar="CC" />
			<Option target="Debug" />
			<Option target="Release" />
			<Option target="LuaMap" />
			<Option target="UnitTest" />
			<Option target="Lua51Lib" />
			<Option target="Lua51Lib32" />
		</Unit>
		<Unit filename="lua-5.4.3/src/lparser.h">
			<Option target="Debug" />
			<Option target="Release" />
			<Option target="LuaMap" />
			<Option target="UnitTest" />
			<Option target="LuaMap32" />
			<Option target="Lua51Lib" />
			<Option target="Lua51Lib32" />
		</Unit>
		<Unit filename="lua-5.4.3/src/lprefix.h">
			<Option target="Debug" />
			<Option target="Release" />
			<Option target="LuaMap" />
			<Option target="UnitTest" />
			<Option target="LuaMap32" />
			<Option target="Lua51Lib" />
			<Option target="Lua51Lib32" />
		</Unit>
		<Unit filename="lua-5.4.3/src/lstate.c">
			<Option compilerVar="CC" />
			<Option target="Debug" />
			<Option target="Release" />
			<Option target="LuaMap" />
			<Option target="UnitTest" />
			<Option target="Lua51Lib" />
			<Option target="Lua51Lib32" />
		</Unit>
		<Unit filename="lua-5.4.3/src/lstate.h">
			<Option target="Debug" />
			<Option target="Release" />
			<Option target="LuaMap" />
			<Option target="UnitTest" />
			<Option target="LuaMap32" />
			<Option target="Lua51Lib" />
			<Option target="Lua51Lib32" />
		</Unit>
		<Unit filename="lua-5.4.3/src/lstring.c">
			<Option compilerVar="CC" />
			<Option target="Debug" />
			<Option target="Release" />
			<Option target="LuaMap" />
			<Option target="UnitTest" />
			<Option target="Lua51Lib" />
			<Option target="Lua51Lib32" />
		</Unit>
		<Unit filename="lua-5.4.3/src/lstring.h">
			<Option target="Debug" />
			<Option target="Release" />
			<Option target="LuaMap" />
			<Option target="UnitTest" />
			<Option target="LuaMap32" />
			<Option target="Lua51Lib" />
			<Option target="Lua51Lib32" />
		</Unit>
		<Unit filename="lua-5.4.3/src/lstrlib.c">
			<Option compilerVar="CC" />
			<Option target="Debug" />
			<Option target="Release" />
			<Option target="LuaMap" />
			<Option target="UnitTest" />
			<Option target="Lua51Lib" />
			<Option target="Lua51Lib32" />
		</Unit>
		<Unit filename="lua-5.4.3/src/ltable.c">
			<Option compilerVar="CC" />
			<Option target="Debug" />
			<Option target="Release" />
			<Option target="LuaMap" />
			<Option target="UnitTest" />
			<Option target="Lua51Lib" />
			<Option target="Lua51Lib32" />
		</Unit>
		<Unit filename="lua-5.4.3/src/ltable.h">
			<Option target="Debug" />
			<Option target="Release" />
			<Option target="LuaMap" />
			<Option target="UnitTest" />
			<Option target="LuaMap32" />
			<Option target="Lua51Lib" />
			<Option target="Lua51Lib32" />
		</Unit>
		<Unit filename="lua-5.4.3/src/ltablib.c">
			<Option compilerVar="CC" />
			<Option target="Debug" />
			<Option target="Release" />
			<Option target="LuaMap" />
			<Option target="UnitTest" />
			<Option target="Lua51Lib" />
			<Option target="Lua51Lib32" />
		</Unit>
		<Unit filename="lua-5.4.3/src/ltm.c">
			<Option compilerVar="CC" />
			<Option target="Debug" />
			<Option target="Release" />
			<Option target="LuaMap" />
			<Option target="UnitTest" />
			<Option target="Lua51Lib" />
			<Option target="Lua51Lib32" />
		</Unit>
		<Unit filename="lua-5.4.3/src/ltm.h">
			<Option target="Debug" />
			<Option target="Release" />
			<Option target="LuaMap" />
			<Option target="UnitTest" />
			<Option target="LuaMap32" />
			<Option target="Lua51Lib" />
			<Option target="Lua51Lib32" />
		</Unit>
		<Unit filename="lua-5.4.3/src/lua.c">
			<Option compilerVar="CC" />
			<Option target="&lt;{~None~}&gt;" />
		</Unit>
		<Unit filename="lua-5.4.3/src/lua.h">
			<Option target="Debug" />
			<Option target="Release" />
			<Option target="LuaMap" />
			<Option target="UnitTest" />
			<Option target="LuaMap32" />
			<Option target="Lua51Lib" />
			<Option target="Lua51Lib32" />
		</Unit>
		<Unit filename="lua-5.4.3/src/lua.hpp">
			<Option target="Debug" />
			<Option target="Release" />
			<Option target="LuaMap" />
			<Option target="UnitTest" />
			<Option target="LuaMap32" />
			<Option target="Lua51Lib" />
			<Option target="Lua51Lib32" />
		</Unit>
		<Unit filename="lua-5.4.3/src/luac.c">
			<Option compilerVar="CC" />
			<Option target="Lua51Lib" />
			<Option target="Lua51Lib32" />
		</Unit>
		<Unit filename="lua-5.4.3/src/luaconf.h">
			<Option target="Debug" />
			<Option target="Release" />
			<Option target="LuaMap" />
			<Option target="UnitTest" />
			<Option target="LuaMap32" />
			<Option target="Lua51Lib" />
			<Option target="Lua51Lib32" />
		</Unit>
		<Unit filename="lua-5.4.3/src/lualib.h">
			<Option target="Debug" />
			<Option target="Release" />
			<Option target="LuaMap" />
			<Option target="UnitTest" />
			<Option target="LuaMap32" />
			<Option target="Lua51Lib" />
			<Option target="Lua51Lib32" />
		</Unit>
		<Unit filename="lua-5.4.3/src/lundump.c">
			<Option compilerVar="CC" />
			<Option target="Debug" />
			<Option target="Release" />
			<Option target="LuaMap" />
			<Option target="UnitTest" />
			<Option target="Lua51Lib" />
			<Option target="Lua51Lib32" />
		</Unit>
		<Unit filename="lua-5.4.3/src/lundump.h">
			<Option target="Debug" />
			<Option target="Release" />
			<Option target="LuaMap" />
			<Option target="UnitTest" />
			<Option target="LuaMap32" />
			<Option target="Lua51Lib" />
			<Option target="Lua51Lib32" />
		</Unit>
		<Unit filename="lua-5.4.3/src/lutf8lib.c">
			<Option compilerVar="CC" />
			<Option target="Debug" />
			<Option target="Release" />
			<Option target="LuaMap" />
			<Option target="UnitTest" />
			<Option target="Lua51Lib" />
			<Option target="Lua51Lib32" />
		</Unit>
		<Unit filename="lua-5.4.3/src/lvm.c">
			<Option compilerVar="CC" />
			<Option target="Debug" />
			<Option target="Release" />
			<Option target="LuaMap" />
			<Option target="UnitTest" />
			<Option target="Lua51Lib" />
			<Option target="Lua51Lib32" />
		</Unit>
		<Unit filename="lua-5.4.3/src/lvm.h">
			<Option target="Debug" />
			<Option target="Release" />
			<Option target="LuaMap" />
			<Option target="UnitTest" />
			<Option target="LuaMap32" />
			<Option target="Lua51Lib" />
			<Option target="Lua51Lib32" />
		</Unit>
		<Unit filename="lua-5.4.3/src/lzio.c">
			<Option compilerVar="CC" />
			<Option target="Debug" />
			<Option target="Release" />
			<Option target="LuaMap" />
			<Option target="UnitTest" />
			<Option target="Lua51Lib" />
			<Option target="Lua51Lib32" />
		</Unit>
		<Unit filename="lua-5.4.3/src/lzio.h">
			<Option target="Debug" />
			<Option target="Release" />
			<Option target="LuaMap" />
			<Option target="UnitTest" />
			<Option target="LuaMap32" />
			<Option target="Lua51Lib" />
			<Option target="Lua51Lib32" />
		</Unit>
		<Unit filename="remappingValues.cpp" />
		<Unit filename="remappingValues.h" />
		<Unit filename="test.cpp">
			<Option target="UnitTest" />
		</Unit>
		<Extensions>
			<lib_finder disable_auto="1" />
		</Extensions>
	</Project>
</CodeBlocks_project_file>
