<?xml version="1.0" encoding="UTF-8" standalone="yes" ?>
<CodeBlocks_project_file>
	<FileVersion major="1" minor="6" />
	<Project>
		<Option title="AMMwin64" />
		<Option pch_mode="2" />
		<Option compiler="clang" />
		<Build>
			<Target title="Debug">
				<Option output="bin/Debug/LuaMap64" prefix_auto="1" extension_auto="1" />
				<Option object_output="obj/Debug/" />
				<Option type="1" />
				<Option compiler="clang" />
				<Compiler>
					<Add option="-m64" />
					<Add option="-g" />
				</Compiler>
				<Linker>
					<Add option="-m64" />
					<Add library="advapi32" />
					<Add library="user32" />
					<Add library="kernel32" />
					<Add library="opengl32" />
					<Add library="glu32" />
					<Add library="gdi32" />
					<Add library="../AMMwin64/libLua54win64.a" />
				</Linker>
				<ExtraCommands>
					<Add before='powershell &quot; Remove-Item .\revinfo.h; git show | Out-File -Encoding ascii -FilePath .\tmprevinfo.txt; &apos;// file automatically generated on build, do not edit.&apos; | Out-File -Encoding ascii -FilePath .\revinfo.h; &apos;#include &lt;string&gt;&apos; | Out-File -Encoding ascii -Append -FilePath .\revinfo.h ; &apos;std::string BuildInfo = \&quot;&apos; + (Get-Content .\tmprevinfo.txt | Select -First 3) + &apos;build at: $(NOW_L) \&quot;;&apos; | Out-File -Encoding ascii -Append -FilePath .\revinfo.h; Remove-Item .\tmprevinfo.txt&quot;' />
				</ExtraCommands>
			</Target>
			<Target title="Release">
				<Option output="bin/Release/LuaMap64" prefix_auto="1" extension_auto="1" />
				<Option object_output="obj/Release/" />
				<Option type="1" />
				<Option compiler="clang" />
				<Compiler>
					<Add option="-m64" />
					<Add option="-O2" />
				</Compiler>
				<Linker>
					<Add option="-m64" />
					<Add library="advapi32" />
					<Add library="user32" />
					<Add library="kernel32" />
					<Add library="opengl32" />
					<Add library="glu32" />
					<Add library="gdi32" />
					<Add library="../AMMwin64/libLua54win64.a" />
				</Linker>
				<ExtraCommands>
					<Add before='powershell &quot; Remove-Item .\revinfo.h; git show | Out-File -Encoding ascii -FilePath .\tmprevinfo.txt; &apos;// file automatically generated on build, do not edit.&apos; | Out-File -Encoding ascii -FilePath .\revinfo.h; &apos;#include &lt;string&gt;&apos; | Out-File -Encoding ascii -Append -FilePath .\revinfo.h ; &apos;std::string BuildInfo = \&quot;&apos; + (Get-Content .\tmprevinfo.txt | Select -First 3) + &apos;build at: $(NOW_L) \&quot;;&apos; | Out-File -Encoding ascii -Append -FilePath .\revinfo.h; Remove-Item .\tmprevinfo.txt&quot;' />
				</ExtraCommands>
			</Target>
			<Target title="lua54">
				<Option output="Lua54win64" prefix_auto="1" extension_auto="1" />
				<Option working_dir="" />
				<Option type="2" />
				<Option compiler="clang" />
				<Option createDefFile="1" />
			</Target>
			<Target title="lib">
				<Option output="AMMwin64" imp_lib="$(TARGET_OUTPUT_DIR)$(TARGET_OUTPUT_BASENAME).a" def_file="$(TARGET_OUTPUT_DIR)$(TARGET_OUTPUT_BASENAME).def" prefix_auto="1" extension_auto="1" />
				<Option type="3" />
				<Option compiler="clang" />
				<Option createDefFile="1" />
				<Option createStaticLib="1" />
				<Compiler>
					<Add option="-m64" />
					<Add option="-DBUILD_DLL" />
				</Compiler>
				<Linker>
					<Add option="-m64" />
					<Add library="advapi32" />
					<Add library="user32" />
					<Add library="kernel32" />
					<Add library="opengl32" />
					<Add library="glu32" />
					<Add library="gdi32" />
					<Add library="../AMMwin64/libLua54win64.a" />
				</Linker>
			</Target>
		</Build>
		<Compiler>
			<Add option="-m64" />
			<Add option="-Wall" />
			<Add directory="../../lua-5.4.4/src" />
			<Add directory="../AMMwin64/" />
		</Compiler>
		<Linker>
			<Add option="-m64" />
			<Add directory="../AMMwin64/" />
		</Linker>
		<Unit filename="../../AMM/InterprocessMemorySpace.cpp">
			<Option target="Debug" />
			<Option target="Release" />
			<Option target="lib" />
		</Unit>
		<Unit filename="../../AMM/InterprocessMemorySpace.h">
			<Option target="Debug" />
			<Option target="Release" />
			<Option target="lib" />
		</Unit>
		<Unit filename="../../AMM/LoggedPage.cpp">
			<Option target="Debug" />
			<Option target="Release" />
			<Option target="lib" />
		</Unit>
		<Unit filename="../../AMM/LoggedPage.h">
			<Option target="Debug" />
			<Option target="Release" />
			<Option target="lib" />
		</Unit>
		<Unit filename="../../AMM/LuaPage.cpp">
			<Option target="Debug" />
			<Option target="Release" />
			<Option target="lib" />
		</Unit>
		<Unit filename="../../AMM/LuaPage.h">
			<Option target="Debug" />
			<Option target="Release" />
			<Option target="lib" />
		</Unit>
		<Unit filename="../../AMM/WindowsPageAccessor.cpp">
			<Option target="Debug" />
			<Option target="Release" />
			<Option target="lib" />
		</Unit>
		<Unit filename="../../AMM/WindowsPageAccessor.h">
			<Option target="Debug" />
			<Option target="Release" />
			<Option target="lib" />
		</Unit>
		<Unit filename="../../AMM/addressSpace.cpp">
			<Option target="Debug" />
			<Option target="Release" />
			<Option target="lib" />
		</Unit>
		<Unit filename="../../AMM/addressSpace.h">
			<Option target="Debug" />
			<Option target="Release" />
			<Option target="lib" />
		</Unit>
		<Unit filename="../../AMM/callbackOnWritePage.cpp">
			<Option target="Debug" />
			<Option target="Release" />
			<Option target="lib" />
		</Unit>
		<Unit filename="../../AMM/callbackOnWritePage.h">
			<Option target="Debug" />
			<Option target="Release" />
			<Option target="lib" />
		</Unit>
		<Unit filename="../../AMM/filePage.cpp">
			<Option target="Debug" />
			<Option target="Release" />
			<Option target="lib" />
		</Unit>
		<Unit filename="../../AMM/filePage.h">
			<Option target="Debug" />
			<Option target="Release" />
			<Option target="lib" />
		</Unit>
		<Unit filename="../../AMM/math/hsv2rgb.cpp">
			<Option target="Debug" />
			<Option target="Release" />
			<Option target="lib" />
		</Unit>
		<Unit filename="../../AMM/math/hsv2rgb.h">
			<Option target="Debug" />
			<Option target="Release" />
			<Option target="lib" />
		</Unit>
		<Unit filename="../../AMM/multiPage.cpp">
			<Option target="Debug" />
			<Option target="Release" />
			<Option target="lib" />
		</Unit>
		<Unit filename="../../AMM/multiPage.h">
			<Option target="Debug" />
			<Option target="Release" />
			<Option target="lib" />
		</Unit>
		<Unit filename="../../AMM/pageVisualizer.cpp">
			<Option target="Debug" />
			<Option target="Release" />
			<Option target="lib" />
		</Unit>
		<Unit filename="../../AMM/pageVisualizer.h">
			<Option target="Debug" />
			<Option target="Release" />
			<Option target="lib" />
		</Unit>
		<Unit filename="../../AMM/selfRefrence.cpp">
			<Option target="Debug" />
			<Option target="Release" />
			<Option target="lib" />
		</Unit>
		<Unit filename="../../AMM/selfRefrence.h">
			<Option target="Debug" />
			<Option target="Release" />
			<Option target="lib" />
		</Unit>
		<Unit filename="../../AMM/virtualMemorySpace.cpp">
			<Option target="Debug" />
			<Option target="Release" />
			<Option target="lib" />
		</Unit>
		<Unit filename="../../AMM/virtualMemorySpace.h">
			<Option target="Debug" />
			<Option target="Release" />
			<Option target="lib" />
		</Unit>
		<Unit filename="../../AMM/virtualPage.cpp">
			<Option target="Debug" />
			<Option target="Release" />
			<Option target="lib" />
		</Unit>
		<Unit filename="../../AMM/virtualPage.h">
			<Option target="Debug" />
			<Option target="Release" />
			<Option target="lib" />
		</Unit>
		<Unit filename="../../AMMlib.cpp">
			<Option target="lib" />
		</Unit>
		<Unit filename="../../AMMlib.h">
			<Option target="Debug" />
			<Option target="Release" />
			<Option target="lib" />
		</Unit>
		<Unit filename="../../ArbitraryMemMap.cpp">
			<Option target="&lt;{~None~}&gt;" />
		</Unit>
		<Unit filename="../../ArbitraryMemMap.h">
			<Option target="Debug" />
			<Option target="Release" />
			<Option target="lib" />
		</Unit>
		<Unit filename="../../Defines.h">
			<Option target="Debug" />
			<Option target="Release" />
			<Option target="lib" />
		</Unit>
		<Unit filename="../../LuaJIT/dynasm/dasm_arm.h">
			<Option target="Debug" />
			<Option target="Release" />
		</Unit>
		<Unit filename="../../LuaJIT/dynasm/dasm_arm64.h">
			<Option target="Debug" />
			<Option target="Release" />
		</Unit>
		<Unit filename="../../LuaJIT/dynasm/dasm_mips.h">
			<Option target="Debug" />
			<Option target="Release" />
		</Unit>
		<Unit filename="../../LuaJIT/dynasm/dasm_ppc.h">
			<Option target="Debug" />
			<Option target="Release" />
		</Unit>
		<Unit filename="../../LuaJIT/dynasm/dasm_proto.h">
			<Option target="Debug" />
			<Option target="Release" />
		</Unit>
		<Unit filename="../../LuaJIT/dynasm/dasm_x86.h">
			<Option target="Debug" />
			<Option target="Release" />
		</Unit>
		<Unit filename="../../LuaJIT/src/host/buildvm.h">
			<Option target="Debug" />
			<Option target="Release" />
		</Unit>
		<Unit filename="../../LuaJIT/src/host/buildvm_libbc.h">
			<Option target="Debug" />
			<Option target="Release" />
		</Unit>
		<Unit filename="../../LuaJIT/src/lauxlib.h">
			<Option target="Debug" />
			<Option target="Release" />
		</Unit>
		<Unit filename="../../LuaJIT/src/lj_alloc.h">
			<Option target="Debug" />
			<Option target="Release" />
		</Unit>
		<Unit filename="../../LuaJIT/src/lj_arch.h">
			<Option target="Debug" />
			<Option target="Release" />
		</Unit>
		<Unit filename="../../LuaJIT/src/lj_asm.h">
			<Option target="Debug" />
			<Option target="Release" />
		</Unit>
		<Unit filename="../../LuaJIT/src/lj_asm_arm.h">
			<Option target="Debug" />
			<Option target="Release" />
		</Unit>
		<Unit filename="../../LuaJIT/src/lj_asm_arm64.h">
			<Option target="Debug" />
			<Option target="Release" />
		</Unit>
		<Unit filename="../../LuaJIT/src/lj_asm_mips.h">
			<Option target="Debug" />
			<Option target="Release" />
		</Unit>
		<Unit filename="../../LuaJIT/src/lj_asm_ppc.h">
			<Option target="Debug" />
			<Option target="Release" />
		</Unit>
		<Unit filename="../../LuaJIT/src/lj_asm_x86.h">
			<Option target="Debug" />
			<Option target="Release" />
		</Unit>
		<Unit filename="../../LuaJIT/src/lj_bc.h">
			<Option target="Debug" />
			<Option target="Release" />
		</Unit>
		<Unit filename="../../LuaJIT/src/lj_bcdump.h">
			<Option target="Debug" />
			<Option target="Release" />
		</Unit>
		<Unit filename="../../LuaJIT/src/lj_buf.h">
			<Option target="Debug" />
			<Option target="Release" />
		</Unit>
		<Unit filename="../../LuaJIT/src/lj_carith.h">
			<Option target="Debug" />
			<Option target="Release" />
		</Unit>
		<Unit filename="../../LuaJIT/src/lj_ccall.h">
			<Option target="Debug" />
			<Option target="Release" />
		</Unit>
		<Unit filename="../../LuaJIT/src/lj_ccallback.h">
			<Option target="Debug" />
			<Option target="Release" />
		</Unit>
		<Unit filename="../../LuaJIT/src/lj_cconv.h">
			<Option target="Debug" />
			<Option target="Release" />
		</Unit>
		<Unit filename="../../LuaJIT/src/lj_cdata.h">
			<Option target="Debug" />
			<Option target="Release" />
		</Unit>
		<Unit filename="../../LuaJIT/src/lj_char.h">
			<Option target="Debug" />
			<Option target="Release" />
		</Unit>
		<Unit filename="../../LuaJIT/src/lj_clib.h">
			<Option target="Debug" />
			<Option target="Release" />
		</Unit>
		<Unit filename="../../LuaJIT/src/lj_cparse.h">
			<Option target="Debug" />
			<Option target="Release" />
		</Unit>
		<Unit filename="../../LuaJIT/src/lj_crecord.h">
			<Option target="Debug" />
			<Option target="Release" />
		</Unit>
		<Unit filename="../../LuaJIT/src/lj_ctype.h">
			<Option target="Debug" />
			<Option target="Release" />
		</Unit>
		<Unit filename="../../LuaJIT/src/lj_debug.h">
			<Option target="Debug" />
			<Option target="Release" />
		</Unit>
		<Unit filename="../../LuaJIT/src/lj_def.h">
			<Option target="Debug" />
			<Option target="Release" />
		</Unit>
		<Unit filename="../../LuaJIT/src/lj_dispatch.h">
			<Option target="Debug" />
			<Option target="Release" />
		</Unit>
		<Unit filename="../../LuaJIT/src/lj_emit_arm.h">
			<Option target="Debug" />
			<Option target="Release" />
		</Unit>
		<Unit filename="../../LuaJIT/src/lj_emit_arm64.h">
			<Option target="Debug" />
			<Option target="Release" />
		</Unit>
		<Unit filename="../../LuaJIT/src/lj_emit_mips.h">
			<Option target="Debug" />
			<Option target="Release" />
		</Unit>
		<Unit filename="../../LuaJIT/src/lj_emit_ppc.h">
			<Option target="Debug" />
			<Option target="Release" />
		</Unit>
		<Unit filename="../../LuaJIT/src/lj_emit_x86.h">
			<Option target="Debug" />
			<Option target="Release" />
		</Unit>
		<Unit filename="../../LuaJIT/src/lj_err.h">
			<Option target="Debug" />
			<Option target="Release" />
		</Unit>
		<Unit filename="../../LuaJIT/src/lj_errmsg.h">
			<Option target="Debug" />
			<Option target="Release" />
		</Unit>
		<Unit filename="../../LuaJIT/src/lj_ff.h">
			<Option target="Debug" />
			<Option target="Release" />
		</Unit>
		<Unit filename="../../LuaJIT/src/lj_ffrecord.h">
			<Option target="Debug" />
			<Option target="Release" />
		</Unit>
		<Unit filename="../../LuaJIT/src/lj_frame.h">
			<Option target="Debug" />
			<Option target="Release" />
		</Unit>
		<Unit filename="../../LuaJIT/src/lj_func.h">
			<Option target="Debug" />
			<Option target="Release" />
		</Unit>
		<Unit filename="../../LuaJIT/src/lj_gc.h">
			<Option target="Debug" />
			<Option target="Release" />
		</Unit>
		<Unit filename="../../LuaJIT/src/lj_gdbjit.h">
			<Option target="Debug" />
			<Option target="Release" />
		</Unit>
		<Unit filename="../../LuaJIT/src/lj_ir.h">
			<Option target="Debug" />
			<Option target="Release" />
		</Unit>
		<Unit filename="../../LuaJIT/src/lj_ircall.h">
			<Option target="Debug" />
			<Option target="Release" />
		</Unit>
		<Unit filename="../../LuaJIT/src/lj_iropt.h">
			<Option target="Debug" />
			<Option target="Release" />
		</Unit>
		<Unit filename="../../LuaJIT/src/lj_jit.h">
			<Option target="Debug" />
			<Option target="Release" />
		</Unit>
		<Unit filename="../../LuaJIT/src/lj_lex.h">
			<Option target="Debug" />
			<Option target="Release" />
		</Unit>
		<Unit filename="../../LuaJIT/src/lj_lib.h">
			<Option target="Debug" />
			<Option target="Release" />
		</Unit>
		<Unit filename="../../LuaJIT/src/lj_mcode.h">
			<Option target="Debug" />
			<Option target="Release" />
		</Unit>
		<Unit filename="../../LuaJIT/src/lj_meta.h">
			<Option target="Debug" />
			<Option target="Release" />
		</Unit>
		<Unit filename="../../LuaJIT/src/lj_obj.h">
			<Option target="Debug" />
			<Option target="Release" />
		</Unit>
		<Unit filename="../../LuaJIT/src/lj_parse.h">
			<Option target="Debug" />
			<Option target="Release" />
		</Unit>
		<Unit filename="../../LuaJIT/src/lj_prng.h">
			<Option target="Debug" />
			<Option target="Release" />
		</Unit>
		<Unit filename="../../LuaJIT/src/lj_profile.h">
			<Option target="Debug" />
			<Option target="Release" />
		</Unit>
		<Unit filename="../../LuaJIT/src/lj_record.h">
			<Option target="Debug" />
			<Option target="Release" />
		</Unit>
		<Unit filename="../../LuaJIT/src/lj_snap.h">
			<Option target="Debug" />
			<Option target="Release" />
		</Unit>
		<Unit filename="../../LuaJIT/src/lj_state.h">
			<Option target="Debug" />
			<Option target="Release" />
		</Unit>
		<Unit filename="../../LuaJIT/src/lj_str.h">
			<Option target="Debug" />
			<Option target="Release" />
		</Unit>
		<Unit filename="../../LuaJIT/src/lj_strfmt.h">
			<Option target="Debug" />
			<Option target="Release" />
		</Unit>
		<Unit filename="../../LuaJIT/src/lj_strscan.h">
			<Option target="Debug" />
			<Option target="Release" />
		</Unit>
		<Unit filename="../../LuaJIT/src/lj_tab.h">
			<Option target="Debug" />
			<Option target="Release" />
		</Unit>
		<Unit filename="../../LuaJIT/src/lj_target.h">
			<Option target="Debug" />
			<Option target="Release" />
		</Unit>
		<Unit filename="../../LuaJIT/src/lj_target_arm.h">
			<Option target="Debug" />
			<Option target="Release" />
		</Unit>
		<Unit filename="../../LuaJIT/src/lj_target_arm64.h">
			<Option target="Debug" />
			<Option target="Release" />
		</Unit>
		<Unit filename="../../LuaJIT/src/lj_target_mips.h">
			<Option target="Debug" />
			<Option target="Release" />
		</Unit>
		<Unit filename="../../LuaJIT/src/lj_target_ppc.h">
			<Option target="Debug" />
			<Option target="Release" />
		</Unit>
		<Unit filename="../../LuaJIT/src/lj_target_x86.h">
			<Option target="Debug" />
			<Option target="Release" />
		</Unit>
		<Unit filename="../../LuaJIT/src/lj_trace.h">
			<Option target="Debug" />
			<Option target="Release" />
		</Unit>
		<Unit filename="../../LuaJIT/src/lj_traceerr.h">
			<Option target="Debug" />
			<Option target="Release" />
		</Unit>
		<Unit filename="../../LuaJIT/src/lj_udata.h">
			<Option target="Debug" />
			<Option target="Release" />
		</Unit>
		<Unit filename="../../LuaJIT/src/lj_vm.h">
			<Option target="Debug" />
			<Option target="Release" />
		</Unit>
		<Unit filename="../../LuaJIT/src/lj_vmevent.h">
			<Option target="Debug" />
			<Option target="Release" />
		</Unit>
		<Unit filename="../../LuaJIT/src/lua.h">
			<Option target="Debug" />
			<Option target="Release" />
		</Unit>
		<Unit filename="../../LuaJIT/src/lua.hpp">
			<Option target="Debug" />
			<Option target="Release" />
		</Unit>
		<Unit filename="../../LuaJIT/src/luaconf.h">
			<Option target="Debug" />
			<Option target="Release" />
		</Unit>
		<Unit filename="../../LuaJIT/src/luajit.h">
			<Option target="Debug" />
			<Option target="Release" />
		</Unit>
		<Unit filename="../../LuaJIT/src/lualib.h">
			<Option target="Debug" />
			<Option target="Release" />
		</Unit>
		<Unit filename="../../LuaJITlove/dynasm/dasm_arm.h">
			<Option target="Debug" />
			<Option target="Release" />
		</Unit>
		<Unit filename="../../LuaJITlove/dynasm/dasm_arm64.h">
			<Option target="Debug" />
			<Option target="Release" />
		</Unit>
		<Unit filename="../../LuaJITlove/dynasm/dasm_mips.h">
			<Option target="Debug" />
			<Option target="Release" />
		</Unit>
		<Unit filename="../../LuaJITlove/dynasm/dasm_ppc.h">
			<Option target="Debug" />
			<Option target="Release" />
		</Unit>
		<Unit filename="../../LuaJITlove/dynasm/dasm_proto.h">
			<Option target="Debug" />
			<Option target="Release" />
		</Unit>
		<Unit filename="../../LuaJITlove/dynasm/dasm_x86.h">
			<Option target="Debug" />
			<Option target="Release" />
		</Unit>
		<Unit filename="../../LuaJITlove/src/host/buildvm.h">
			<Option target="Debug" />
			<Option target="Release" />
		</Unit>
		<Unit filename="../../LuaJITlove/src/host/buildvm_libbc.h">
			<Option target="Debug" />
			<Option target="Release" />
		</Unit>
		<Unit filename="../../LuaJITlove/src/lauxlib.h">
			<Option target="Debug" />
			<Option target="Release" />
		</Unit>
		<Unit filename="../../LuaJITlove/src/lj_alloc.h">
			<Option target="Debug" />
			<Option target="Release" />
		</Unit>
		<Unit filename="../../LuaJITlove/src/lj_arch.h">
			<Option target="Debug" />
			<Option target="Release" />
		</Unit>
		<Unit filename="../../LuaJITlove/src/lj_asm.h">
			<Option target="Debug" />
			<Option target="Release" />
		</Unit>
		<Unit filename="../../LuaJITlove/src/lj_asm_arm.h">
			<Option target="Debug" />
			<Option target="Release" />
		</Unit>
		<Unit filename="../../LuaJITlove/src/lj_asm_arm64.h">
			<Option target="Debug" />
			<Option target="Release" />
		</Unit>
		<Unit filename="../../LuaJITlove/src/lj_asm_mips.h">
			<Option target="Debug" />
			<Option target="Release" />
		</Unit>
		<Unit filename="../../LuaJITlove/src/lj_asm_ppc.h">
			<Option target="Debug" />
			<Option target="Release" />
		</Unit>
		<Unit filename="../../LuaJITlove/src/lj_asm_x86.h">
			<Option target="Debug" />
			<Option target="Release" />
		</Unit>
		<Unit filename="../../LuaJITlove/src/lj_bc.h">
			<Option target="Debug" />
			<Option target="Release" />
		</Unit>
		<Unit filename="../../LuaJITlove/src/lj_bcdump.h">
			<Option target="Debug" />
			<Option target="Release" />
		</Unit>
		<Unit filename="../../LuaJITlove/src/lj_buf.h">
			<Option target="Debug" />
			<Option target="Release" />
		</Unit>
		<Unit filename="../../LuaJITlove/src/lj_carith.h">
			<Option target="Debug" />
			<Option target="Release" />
		</Unit>
		<Unit filename="../../LuaJITlove/src/lj_ccall.h">
			<Option target="Debug" />
			<Option target="Release" />
		</Unit>
		<Unit filename="../../LuaJITlove/src/lj_ccallback.h">
			<Option target="Debug" />
			<Option target="Release" />
		</Unit>
		<Unit filename="../../LuaJITlove/src/lj_cconv.h">
			<Option target="Debug" />
			<Option target="Release" />
		</Unit>
		<Unit filename="../../LuaJITlove/src/lj_cdata.h">
			<Option target="Debug" />
			<Option target="Release" />
		</Unit>
		<Unit filename="../../LuaJITlove/src/lj_char.h">
			<Option target="Debug" />
			<Option target="Release" />
		</Unit>
		<Unit filename="../../LuaJITlove/src/lj_clib.h">
			<Option target="Debug" />
			<Option target="Release" />
		</Unit>
		<Unit filename="../../LuaJITlove/src/lj_cparse.h">
			<Option target="Debug" />
			<Option target="Release" />
		</Unit>
		<Unit filename="../../LuaJITlove/src/lj_crecord.h">
			<Option target="Debug" />
			<Option target="Release" />
		</Unit>
		<Unit filename="../../LuaJITlove/src/lj_ctype.h">
			<Option target="Debug" />
			<Option target="Release" />
		</Unit>
		<Unit filename="../../LuaJITlove/src/lj_debug.h">
			<Option target="Debug" />
			<Option target="Release" />
		</Unit>
		<Unit filename="../../LuaJITlove/src/lj_def.h">
			<Option target="Debug" />
			<Option target="Release" />
		</Unit>
		<Unit filename="../../LuaJITlove/src/lj_dispatch.h">
			<Option target="Debug" />
			<Option target="Release" />
		</Unit>
		<Unit filename="../../LuaJITlove/src/lj_emit_arm.h">
			<Option target="Debug" />
			<Option target="Release" />
		</Unit>
		<Unit filename="../../LuaJITlove/src/lj_emit_arm64.h">
			<Option target="Debug" />
			<Option target="Release" />
		</Unit>
		<Unit filename="../../LuaJITlove/src/lj_emit_mips.h">
			<Option target="Debug" />
			<Option target="Release" />
		</Unit>
		<Unit filename="../../LuaJITlove/src/lj_emit_ppc.h">
			<Option target="Debug" />
			<Option target="Release" />
		</Unit>
		<Unit filename="../../LuaJITlove/src/lj_emit_x86.h">
			<Option target="Debug" />
			<Option target="Release" />
		</Unit>
		<Unit filename="../../LuaJITlove/src/lj_err.h">
			<Option target="Debug" />
			<Option target="Release" />
		</Unit>
		<Unit filename="../../LuaJITlove/src/lj_errmsg.h">
			<Option target="Debug" />
			<Option target="Release" />
		</Unit>
		<Unit filename="../../LuaJITlove/src/lj_ff.h">
			<Option target="Debug" />
			<Option target="Release" />
		</Unit>
		<Unit filename="../../LuaJITlove/src/lj_ffrecord.h">
			<Option target="Debug" />
			<Option target="Release" />
		</Unit>
		<Unit filename="../../LuaJITlove/src/lj_frame.h">
			<Option target="Debug" />
			<Option target="Release" />
		</Unit>
		<Unit filename="../../LuaJITlove/src/lj_func.h">
			<Option target="Debug" />
			<Option target="Release" />
		</Unit>
		<Unit filename="../../LuaJITlove/src/lj_gc.h">
			<Option target="Debug" />
			<Option target="Release" />
		</Unit>
		<Unit filename="../../LuaJITlove/src/lj_gdbjit.h">
			<Option target="Debug" />
			<Option target="Release" />
		</Unit>
		<Unit filename="../../LuaJITlove/src/lj_ir.h">
			<Option target="Debug" />
			<Option target="Release" />
		</Unit>
		<Unit filename="../../LuaJITlove/src/lj_ircall.h">
			<Option target="Debug" />
			<Option target="Release" />
		</Unit>
		<Unit filename="../../LuaJITlove/src/lj_iropt.h">
			<Option target="Debug" />
			<Option target="Release" />
		</Unit>
		<Unit filename="../../LuaJITlove/src/lj_jit.h">
			<Option target="Debug" />
			<Option target="Release" />
		</Unit>
		<Unit filename="../../LuaJITlove/src/lj_lex.h">
			<Option target="Debug" />
			<Option target="Release" />
		</Unit>
		<Unit filename="../../LuaJITlove/src/lj_lib.h">
			<Option target="Debug" />
			<Option target="Release" />
		</Unit>
		<Unit filename="../../LuaJITlove/src/lj_mcode.h">
			<Option target="Debug" />
			<Option target="Release" />
		</Unit>
		<Unit filename="../../LuaJITlove/src/lj_meta.h">
			<Option target="Debug" />
			<Option target="Release" />
		</Unit>
		<Unit filename="../../LuaJITlove/src/lj_obj.h">
			<Option target="Debug" />
			<Option target="Release" />
		</Unit>
		<Unit filename="../../LuaJITlove/src/lj_parse.h">
			<Option target="Debug" />
			<Option target="Release" />
		</Unit>
		<Unit filename="../../LuaJITlove/src/lj_prng.h">
			<Option target="Debug" />
			<Option target="Release" />
		</Unit>
		<Unit filename="../../LuaJITlove/src/lj_profile.h">
			<Option target="Debug" />
			<Option target="Release" />
		</Unit>
		<Unit filename="../../LuaJITlove/src/lj_record.h">
			<Option target="Debug" />
			<Option target="Release" />
		</Unit>
		<Unit filename="../../LuaJITlove/src/lj_snap.h">
			<Option target="Debug" />
			<Option target="Release" />
		</Unit>
		<Unit filename="../../LuaJITlove/src/lj_state.h">
			<Option target="Debug" />
			<Option target="Release" />
		</Unit>
		<Unit filename="../../LuaJITlove/src/lj_str.h">
			<Option target="Debug" />
			<Option target="Release" />
		</Unit>
		<Unit filename="../../LuaJITlove/src/lj_strfmt.h">
			<Option target="Debug" />
			<Option target="Release" />
		</Unit>
		<Unit filename="../../LuaJITlove/src/lj_strscan.h">
			<Option target="Debug" />
			<Option target="Release" />
		</Unit>
		<Unit filename="../../LuaJITlove/src/lj_tab.h">
			<Option target="Debug" />
			<Option target="Release" />
		</Unit>
		<Unit filename="../../LuaJITlove/src/lj_target.h">
			<Option target="Debug" />
			<Option target="Release" />
		</Unit>
		<Unit filename="../../LuaJITlove/src/lj_target_arm.h">
			<Option target="Debug" />
			<Option target="Release" />
		</Unit>
		<Unit filename="../../LuaJITlove/src/lj_target_arm64.h">
			<Option target="Debug" />
			<Option target="Release" />
		</Unit>
		<Unit filename="../../LuaJITlove/src/lj_target_mips.h">
			<Option target="Debug" />
			<Option target="Release" />
		</Unit>
		<Unit filename="../../LuaJITlove/src/lj_target_ppc.h">
			<Option target="Debug" />
			<Option target="Release" />
		</Unit>
		<Unit filename="../../LuaJITlove/src/lj_target_x86.h">
			<Option target="Debug" />
			<Option target="Release" />
		</Unit>
		<Unit filename="../../LuaJITlove/src/lj_trace.h">
			<Option target="Debug" />
			<Option target="Release" />
		</Unit>
		<Unit filename="../../LuaJITlove/src/lj_traceerr.h">
			<Option target="Debug" />
			<Option target="Release" />
		</Unit>
		<Unit filename="../../LuaJITlove/src/lj_udata.h">
			<Option target="Debug" />
			<Option target="Release" />
		</Unit>
		<Unit filename="../../LuaJITlove/src/lj_vm.h">
			<Option target="Debug" />
			<Option target="Release" />
		</Unit>
		<Unit filename="../../LuaJITlove/src/lj_vmevent.h">
			<Option target="Debug" />
			<Option target="Release" />
		</Unit>
		<Unit filename="../../LuaJITlove/src/lua.h">
			<Option target="Debug" />
			<Option target="Release" />
		</Unit>
		<Unit filename="../../LuaJITlove/src/lua.hpp">
			<Option target="Debug" />
			<Option target="Release" />
		</Unit>
		<Unit filename="../../LuaJITlove/src/luaconf.h">
			<Option target="Debug" />
			<Option target="Release" />
		</Unit>
		<Unit filename="../../LuaJITlove/src/luajit.h">
			<Option target="Debug" />
			<Option target="Release" />
		</Unit>
		<Unit filename="../../LuaJITlove/src/lualib.h">
			<Option target="Debug" />
			<Option target="Release" />
		</Unit>
		<Unit filename="../../LuaMemoryMapper.cpp">
			<Option target="Debug" />
			<Option target="Release" />
		</Unit>
		<Unit filename="../../LuaMemoryMapperLib.cpp">
			<Option target="Debug" />
			<Option target="Release" />
			<Option target="lib" />
		</Unit>
		<Unit filename="../../LuaMemoryMapperLib.h">
			<Option target="Debug" />
			<Option target="Release" />
			<Option target="lib" />
		</Unit>
		<Unit filename="../../config.h">
			<Option target="Debug" />
			<Option target="Release" />
			<Option target="lib" />
		</Unit>
		<Unit filename="../../lua-5.4.4/src/lapi.c">
			<Option compilerVar="CC" />
			<Option target="lua54" />
		</Unit>
		<Unit filename="../../lua-5.4.4/src/lapi.h">
			<Option target="Debug" />
			<Option target="Release" />
			<Option target="lua54" />
		</Unit>
		<Unit filename="../../lua-5.4.4/src/lauxlib.c">
			<Option compilerVar="CC" />
			<Option target="lua54" />
		</Unit>
		<Unit filename="../../lua-5.4.4/src/lauxlib.h">
			<Option target="Debug" />
			<Option target="Release" />
			<Option target="lua54" />
		</Unit>
		<Unit filename="../../lua-5.4.4/src/lbaselib.c">
			<Option compilerVar="CC" />
			<Option target="lua54" />
		</Unit>
		<Unit filename="../../lua-5.4.4/src/lcode.c">
			<Option compilerVar="CC" />
			<Option target="lua54" />
		</Unit>
		<Unit filename="../../lua-5.4.4/src/lcode.h">
			<Option target="Debug" />
			<Option target="Release" />
			<Option target="lua54" />
		</Unit>
		<Unit filename="../../lua-5.4.4/src/lcorolib.c">
			<Option compilerVar="CC" />
			<Option target="lua54" />
		</Unit>
		<Unit filename="../../lua-5.4.4/src/lctype.c">
			<Option compilerVar="CC" />
			<Option target="lua54" />
		</Unit>
		<Unit filename="../../lua-5.4.4/src/lctype.h">
			<Option target="Debug" />
			<Option target="Release" />
			<Option target="lua54" />
		</Unit>
		<Unit filename="../../lua-5.4.4/src/ldblib.c">
			<Option compilerVar="CC" />
			<Option target="lua54" />
		</Unit>
		<Unit filename="../../lua-5.4.4/src/ldebug.c">
			<Option compilerVar="CC" />
			<Option target="lua54" />
		</Unit>
		<Unit filename="../../lua-5.4.4/src/ldebug.h">
			<Option target="Debug" />
			<Option target="Release" />
			<Option target="lua54" />
		</Unit>
		<Unit filename="../../lua-5.4.4/src/ldo.c">
			<Option compilerVar="CC" />
			<Option target="lua54" />
		</Unit>
		<Unit filename="../../lua-5.4.4/src/ldo.h">
			<Option target="Debug" />
			<Option target="Release" />
			<Option target="lua54" />
		</Unit>
		<Unit filename="../../lua-5.4.4/src/ldump.c">
			<Option compilerVar="CC" />
			<Option target="lua54" />
		</Unit>
		<Unit filename="../../lua-5.4.4/src/lfunc.c">
			<Option compilerVar="CC" />
			<Option target="lua54" />
		</Unit>
		<Unit filename="../../lua-5.4.4/src/lfunc.h">
			<Option target="Debug" />
			<Option target="Release" />
			<Option target="lua54" />
		</Unit>
		<Unit filename="../../lua-5.4.4/src/lgc.c">
			<Option compilerVar="CC" />
			<Option target="lua54" />
		</Unit>
		<Unit filename="../../lua-5.4.4/src/lgc.h">
			<Option target="Debug" />
			<Option target="Release" />
			<Option target="lua54" />
		</Unit>
		<Unit filename="../../lua-5.4.4/src/linit.c">
			<Option compilerVar="CC" />
			<Option target="lua54" />
		</Unit>
		<Unit filename="../../lua-5.4.4/src/liolib.c">
			<Option compilerVar="CC" />
			<Option target="lua54" />
		</Unit>
		<Unit filename="../../lua-5.4.4/src/ljumptab.h">
			<Option target="Debug" />
			<Option target="Release" />
			<Option target="lua54" />
		</Unit>
		<Unit filename="../../lua-5.4.4/src/llex.c">
			<Option compilerVar="CC" />
			<Option target="lua54" />
		</Unit>
		<Unit filename="../../lua-5.4.4/src/llex.h">
			<Option target="Debug" />
			<Option target="Release" />
			<Option target="lua54" />
		</Unit>
		<Unit filename="../../lua-5.4.4/src/llimits.h">
			<Option target="Debug" />
			<Option target="Release" />
			<Option target="lua54" />
		</Unit>
		<Unit filename="../../lua-5.4.4/src/lmathlib.c">
			<Option compilerVar="CC" />
			<Option target="lua54" />
		</Unit>
		<Unit filename="../../lua-5.4.4/src/lmem.c">
			<Option compilerVar="CC" />
			<Option target="lua54" />
		</Unit>
		<Unit filename="../../lua-5.4.4/src/lmem.h">
			<Option target="Debug" />
			<Option target="Release" />
			<Option target="lua54" />
		</Unit>
		<Unit filename="../../lua-5.4.4/src/loadlib.c">
			<Option compilerVar="CC" />
			<Option target="lua54" />
		</Unit>
		<Unit filename="../../lua-5.4.4/src/lobject.c">
			<Option compilerVar="CC" />
			<Option target="lua54" />
		</Unit>
		<Unit filename="../../lua-5.4.4/src/lobject.h">
			<Option target="Debug" />
			<Option target="Release" />
			<Option target="lua54" />
		</Unit>
		<Unit filename="../../lua-5.4.4/src/lopcodes.c">
			<Option compilerVar="CC" />
			<Option target="lua54" />
		</Unit>
		<Unit filename="../../lua-5.4.4/src/lopcodes.h">
			<Option target="Debug" />
			<Option target="Release" />
			<Option target="lua54" />
		</Unit>
		<Unit filename="../../lua-5.4.4/src/lopnames.h">
			<Option target="Debug" />
			<Option target="Release" />
			<Option target="lua54" />
		</Unit>
		<Unit filename="../../lua-5.4.4/src/loslib.c">
			<Option compilerVar="CC" />
			<Option target="lua54" />
		</Unit>
		<Unit filename="../../lua-5.4.4/src/lparser.c">
			<Option compilerVar="CC" />
			<Option target="lua54" />
		</Unit>
		<Unit filename="../../lua-5.4.4/src/lparser.h">
			<Option target="Debug" />
			<Option target="Release" />
			<Option target="lua54" />
		</Unit>
		<Unit filename="../../lua-5.4.4/src/lprefix.h">
			<Option target="Debug" />
			<Option target="Release" />
			<Option target="lua54" />
		</Unit>
		<Unit filename="../../lua-5.4.4/src/lstate.c">
			<Option compilerVar="CC" />
			<Option target="lua54" />
		</Unit>
		<Unit filename="../../lua-5.4.4/src/lstate.h">
			<Option target="Debug" />
			<Option target="Release" />
			<Option target="lua54" />
		</Unit>
		<Unit filename="../../lua-5.4.4/src/lstring.c">
			<Option compilerVar="CC" />
			<Option target="lua54" />
		</Unit>
		<Unit filename="../../lua-5.4.4/src/lstring.h">
			<Option target="Debug" />
			<Option target="Release" />
			<Option target="lua54" />
		</Unit>
		<Unit filename="../../lua-5.4.4/src/lstrlib.c">
			<Option compilerVar="CC" />
			<Option target="lua54" />
		</Unit>
		<Unit filename="../../lua-5.4.4/src/ltable.c">
			<Option compilerVar="CC" />
			<Option target="lua54" />
		</Unit>
		<Unit filename="../../lua-5.4.4/src/ltable.h">
			<Option target="Debug" />
			<Option target="Release" />
			<Option target="lua54" />
		</Unit>
		<Unit filename="../../lua-5.4.4/src/ltablib.c">
			<Option compilerVar="CC" />
			<Option target="lua54" />
		</Unit>
		<Unit filename="../../lua-5.4.4/src/ltm.c">
			<Option compilerVar="CC" />
			<Option target="lua54" />
		</Unit>
		<Unit filename="../../lua-5.4.4/src/ltm.h">
			<Option target="Debug" />
			<Option target="Release" />
			<Option target="lua54" />
		</Unit>
		<Unit filename="../../lua-5.4.4/src/lua.h">
			<Option target="Debug" />
			<Option target="Release" />
			<Option target="lua54" />
		</Unit>
		<Unit filename="../../lua-5.4.4/src/lua.hpp">
			<Option target="Debug" />
			<Option target="Release" />
			<Option target="lua54" />
		</Unit>
		<Unit filename="../../lua-5.4.4/src/luaconf.h">
			<Option target="Debug" />
			<Option target="Release" />
			<Option target="lua54" />
		</Unit>
		<Unit filename="../../lua-5.4.4/src/lualib.h">
			<Option target="Debug" />
			<Option target="Release" />
			<Option target="lua54" />
		</Unit>
		<Unit filename="../../lua-5.4.4/src/lundump.c">
			<Option compilerVar="CC" />
			<Option target="lua54" />
		</Unit>
		<Unit filename="../../lua-5.4.4/src/lundump.h">
			<Option target="Debug" />
			<Option target="Release" />
			<Option target="lua54" />
		</Unit>
		<Unit filename="../../lua-5.4.4/src/lutf8lib.c">
			<Option compilerVar="CC" />
			<Option target="lua54" />
		</Unit>
		<Unit filename="../../lua-5.4.4/src/lvm.c">
			<Option compilerVar="CC" />
			<Option target="lua54" />
		</Unit>
		<Unit filename="../../lua-5.4.4/src/lvm.h">
			<Option target="Debug" />
			<Option target="Release" />
			<Option target="lua54" />
		</Unit>
		<Unit filename="../../lua-5.4.4/src/lzio.c">
			<Option compilerVar="CC" />
			<Option target="lua54" />
		</Unit>
		<Unit filename="../../lua-5.4.4/src/lzio.h">
			<Option target="Debug" />
			<Option target="Release" />
			<Option target="lua54" />
		</Unit>
		<Unit filename="../../remappingValues.cpp">
			<Option target="Debug" />
			<Option target="Release" />
		</Unit>
		<Unit filename="../../remappingValues.h">
			<Option target="Debug" />
			<Option target="Release" />
		</Unit>
		<Unit filename="../../revinfo.h">
			<Option target="Debug" />
			<Option target="Release" />
		</Unit>
		<Unit filename="../../test.cpp">
			<Option target="&lt;{~None~}&gt;" />
		</Unit>
		<Unit filename="../AMMwin32/revinfo.h">
			<Option target="Debug" />
			<Option target="Release" />
		</Unit>
		<Extensions />
	</Project>
</CodeBlocks_project_file>
